
Microsoft Visual Studio Solution File, Format Version 11.00
# Visual C++ Express 2010
Project("{8BC9CEB8-8B4A-11D0-8D11-00A0C91BC942}") = "Tetris3", "Tetris3\Tetris3.vcxproj", "{B3611A7B-5977-415F-95BE-677789E717A5}"
EndProject
Project("{8BC9CEB8-8B4A-11D0-8D11-00A0C91BC942}") = "TetrisLogic", "TetrisLogic\TetrisLogic.vcxproj", "{3C34BC1B-A1C3-45FF-99AE-4C4E97BEB3CD}"
EndProject
Global
	GlobalSection(SolutionConfigurationPlatforms) = preSolution
		Debug|Win32 = Debug|Win32
		Release|Win32 = Release|Win32
	EndGlobalSection
	GlobalSection(ProjectConfigurationPlatforms) = postSolution
		{B3611A7B-5977-415F-95BE-677789E717A5}.Debug|Win32.ActiveCfg = Debug|Win32
		{B3611A7B-5977-415F-95BE-677789E717A5}.Debug|Win32.Build.0 = Debug|Win32
		{B3611A7B-5977-415F-95BE-677789E717A5}.Release|Win32.ActiveCfg = Release|Win32
		{B3611A7B-5977-415F-95BE-677789E717A5}.Release|Win32.Build.0 = Release|Win32
		{3C34BC1B-A1C3-45FF-99AE-4C4E97BEB3CD}.Debug|Win32.ActiveCfg = Debug|Win32
		{3C34BC1B-A1C3-45FF-99AE-4C4E97BEB3CD}.Debug|Win32.Build.0 = Debug|Win32
		{3C34BC1B-A1C3-45FF-99AE-4C4E97BEB3CD}.Release|Win32.ActiveCfg = Release|Win32
		{3C34BC1B-A1C3-45FF-99AE-4C4E97BEB3CD}.Release|Win32.Build.0 = Release|Win32
	EndGlobalSection
	GlobalSection(SolutionProperties) = preSolution
		HideSolutionNode = FALSE
	EndGlobalSection
EndGlobal
